Microsoft Visual Studio Solution File, Format Version 12.00
# Visual Studio Version 17
VisualStudioVersion = 17.5.2.0
MinimumVisualStudioVersion = 10.0.40219.1
Project("{2150E333-8FDC-42A3-9474-1A3956D46DE8}") = "VersionReaderTask", "VersionReaderTask", "{923A6E6F-83A8-8F8D-0416-14AB5C155999}"
EndProject
Project("{2150E333-8FDC-42A3-9474-1A3956D46DE8}") = "tests", "tests", "{1702CF7F-B540-65EB-D5BB-5FEB249AEB06}"
EndProject
Project("{FAE04EC0-301F-11D3-BF4B-00C04F79EFBC}") = "Version", "VersionReaderTask\tests\Version.csproj", "{1739FCA4-2B3B-DCE1-0F16-0D6DC31C8584}"
EndProject
Project("{FAE04EC0-301F-11D3-BF4B-00C04F79EFBC}") = "VersionMissing", "VersionReaderTask\tests\VersionMissing.csproj", "{B41FDE83-C4F5-4E27-E90E-346841FF382C}"
EndProject
Project("{FAE04EC0-301F-11D3-BF4B-00C04F79EFBC}") = "VersionPrefix", "VersionReaderTask\tests\VersionPrefix.csproj", "{F711B8ED-E21D-605D-3C12-607D52A35573}"
EndProject
Global
	GlobalSection(SolutionConfigurationPlatforms) = preSolution
		Debug|Any CPU = Debug|Any CPU
		Release|Any CPU = Release|Any CPU
	EndGlobalSection
	GlobalSection(ProjectConfigurationPlatforms) = postSolution
		{1739FCA4-2B3B-DCE1-0F16-0D6DC31C8584}.Debug|Any CPU.ActiveCfg = Debug|Any CPU
		{1739FCA4-2B3B-DCE1-0F16-0D6DC31C8584}.Debug|Any CPU.Build.0 = Debug|Any CPU
		{1739FCA4-2B3B-DCE1-0F16-0D6DC31C8584}.Release|Any CPU.ActiveCfg = Release|Any CPU
		{1739FCA4-2B3B-DCE1-0F16-0D6DC31C8584}.Release|Any CPU.Build.0 = Release|Any CPU
		{B41FDE83-C4F5-4E27-E90E-346841FF382C}.Debug|Any CPU.ActiveCfg = Debug|Any CPU
		{B41FDE83-C4F5-4E27-E90E-346841FF382C}.Debug|Any CPU.Build.0 = Debug|Any CPU
		{B41FDE83-C4F5-4E27-E90E-346841FF382C}.Release|Any CPU.ActiveCfg = Release|Any CPU
		{B41FDE83-C4F5-4E27-E90E-346841FF382C}.Release|Any CPU.Build.0 = Release|Any CPU
		{F711B8ED-E21D-605D-3C12-607D52A35573}.Debug|Any CPU.ActiveCfg = Debug|Any CPU
		{F711B8ED-E21D-605D-3C12-607D52A35573}.Debug|Any CPU.Build.0 = Debug|Any CPU
		{F711B8ED-E21D-605D-3C12-607D52A35573}.Release|Any CPU.ActiveCfg = Release|Any CPU
		{F711B8ED-E21D-605D-3C12-607D52A35573}.Release|Any CPU.Build.0 = Release|Any CPU
	EndGlobalSection
	GlobalSection(SolutionProperties) = preSolution
		HideSolutionNode = FALSE
	EndGlobalSection
	GlobalSection(NestedProjects) = preSolution
		{1702CF7F-B540-65EB-D5BB-5FEB249AEB06} = {923A6E6F-83A8-8F8D-0416-14AB5C155999}
		{1739FCA4-2B3B-DCE1-0F16-0D6DC31C8584} = {1702CF7F-B540-65EB-D5BB-5FEB249AEB06}
		{B41FDE83-C4F5-4E27-E90E-346841FF382C} = {1702CF7F-B540-65EB-D5BB-5FEB249AEB06}
		{F711B8ED-E21D-605D-3C12-607D52A35573} = {1702CF7F-B540-65EB-D5BB-5FEB249AEB06}
	EndGlobalSection
	GlobalSection(ExtensibilityGlobals) = postSolution
		SolutionGuid = {A709AAD7-72D7-49D1-A49E-799EC4993AC0}
	EndGlobalSection
EndGlobal
